{
    "name": "@twogate/ngx-photo-gallery",
    "version": "0.1.0",
    "lockfileVersion": 1,
    "requires": true,
    "dependencies": {
        "@angular/common": {
            "version": "9.1.0",
            "resolved": "https://registry.npmjs.org/@angular/common/-/common-9.1.0.tgz",
            "integrity": "sha512-6JPLNtMhI03bGTVQJeSwc+dTjV6DtP7M/BAyzIV0InZP1D6XsOh2QahLFIaaN2sSxYA2ClKuwfX1v+rx9AbXQA==",
            "dev": true
        },
        "@angular/core": {
            "version": "9.1.0",
            "resolved": "https://registry.npmjs.org/@angular/core/-/core-9.1.0.tgz",
            "integrity": "sha512-RVlyegdIAij0P1wLY5ObIdsBAzvmHkHfElnmfiNKhaDftP6U/3zRtaKDu0bq0jvn1WCQ8zXxFQ8AWyKZwyFS+w==",
            "dev": true
        },
        "@angular/forms": {
            "version": "9.1.0",
            "resolved": "https://registry.npmjs.org/@angular/forms/-/forms-9.1.0.tgz",
            "integrity": "sha512-5GC8HQlPChPV+168zLlm4yj4syA6N9ChSKV0tmzj1zIfMcub1UAOaB9IYaXRHQsjPFh9OuQXwmkzScyAfhEVjA==",
            "dev": true
        },
        "photoswipe": {
            "version": "4.1.3",
            "resolved": "https://registry.npmjs.org/photoswipe/-/photoswipe-4.1.3.tgz",
            "integrity": "sha512-89Z43IRUyw7ycTolo+AaiDn3W1EEIfox54hERmm9bI12IB9cvRfHSHez3XhAyU8XW2EAFrC+2sKMhh7SJwn0bA=="
        }
    }
}
