{
    "name": "@twogate/ngx-photo-gallery",
    "version": "0.1.0",
    "lockfileVersion": 1,
    "requires": true,
    "dependencies": {
        "@angular/common": {
            "version": "10.0.14",
            "resolved": "https://registry.npmjs.org/@angular/common/-/common-10.0.14.tgz",
            "integrity": "sha512-EOAuaMt2HwJF3DtIJ/ksHtnF8Pqh5K2rWISYLEs9R3WNaSGn74kbCODAT4pNhI8P22Ykl3H4FmQUgnDZ3uDAUg==",
            "dev": true,
            "requires": {
                "tslib": "^2.0.0"
            }
        },
        "@angular/core": {
            "version": "10.0.14",
            "resolved": "https://registry.npmjs.org/@angular/core/-/core-10.0.14.tgz",
            "integrity": "sha512-m+c9g6fA/gE+6K7It01b6r8TEmbuFjUZajQ9gG/pzist0mTBcqfvn0O4h5X+ebnSgw/bbnnp+4PbaXEi1pOWZQ==",
            "dev": true,
            "requires": {
                "tslib": "^2.0.0"
            }
        },
        "@angular/forms": {
            "version": "10.0.14",
            "resolved": "https://registry.npmjs.org/@angular/forms/-/forms-10.0.14.tgz",
            "integrity": "sha512-McKh3rXDlAE7qmCnyWKENb2HhqAT+1dsAfChuqs0w8jhKkoRgA00RDFee6dZ6XQCc907DwuV0K8+wC3CvBp35w==",
            "dev": true,
            "requires": {
                "tslib": "^2.0.0"
            }
        },
        "photoswipe": {
            "version": "4.1.3",
            "resolved": "https://registry.npmjs.org/photoswipe/-/photoswipe-4.1.3.tgz",
            "integrity": "sha512-89Z43IRUyw7ycTolo+AaiDn3W1EEIfox54hERmm9bI12IB9cvRfHSHez3XhAyU8XW2EAFrC+2sKMhh7SJwn0bA=="
        },
        "tslib": {
            "version": "2.0.1",
            "resolved": "https://registry.npmjs.org/tslib/-/tslib-2.0.1.tgz",
            "integrity": "sha512-SgIkNheinmEBgx1IUNirK0TUD4X9yjjBRTqqjggWCU3pUEqIk3/Uwl3yRixYKT6WjQuGiwDv4NomL3wqRCj+CQ==",
            "dev": true
        }
    }
}
