{
    "name": "ionic-photo-gallery",
    "version": "1.0.0",
    "lockfileVersion": 1,
    "requires": true,
    "dependencies": {
        "@angular/common": {
            "version": "7.2.13",
            "resolved": "https://registry.npmjs.org/@angular/common/-/common-7.2.13.tgz",
            "integrity": "sha512-NYlzUkFVgjLg9VB6/lkd8ZV0ZezSiv9vlg+26wOyw7x+gahRrm5WMAGF7eBLrXoZPEaoOO0uhKWKo7oiA0aufA==",
            "dev": true,
            "requires": {
                "tslib": "^1.9.0"
            }
        },
        "@angular/core": {
            "version": "7.2.13",
            "resolved": "https://registry.npmjs.org/@angular/core/-/core-7.2.13.tgz",
            "integrity": "sha512-vHD69xxDDSQaE8KfHeY2STJSd3xgfsz3/meBCAnT+Bpq9LqxL8DuPlrkC0kyBa2vyj/BwPR3CJNTaQrZcszJ/w==",
            "dev": true,
            "requires": {
                "tslib": "^1.9.0"
            }
        },
        "@angular/forms": {
            "version": "7.2.13",
            "resolved": "https://registry.npmjs.org/@angular/forms/-/forms-7.2.13.tgz",
            "integrity": "sha512-dBz7kYa8XoCKxZ+3EvYt6CxHZhM9Qbn3uYkLMsPA+NC6GtIt/tmYn1kNn+YWgVWZtWLvYRaOtYiCuMUJaRNQQw==",
            "dev": true,
            "requires": {
                "tslib": "^1.9.0"
            }
        },
        "photoswipe": {
            "version": "4.1.3",
            "resolved": "https://registry.npmjs.org/photoswipe/-/photoswipe-4.1.3.tgz",
            "integrity": "sha512-89Z43IRUyw7ycTolo+AaiDn3W1EEIfox54hERmm9bI12IB9cvRfHSHez3XhAyU8XW2EAFrC+2sKMhh7SJwn0bA=="
        },
        "tslib": {
            "version": "1.9.3",
            "resolved": "https://registry.npmjs.org/tslib/-/tslib-1.9.3.tgz",
            "integrity": "sha512-4krF8scpejhaOgqzBEcGM7yDIEfi0/8+8zDRZhNZZ2kjmHJ4hv3zCbQWxoJGz1iw5U0Jl0nma13xzHXcncMavQ==",
            "dev": true
        }
    }
}
